
Microsoft Visual Studio Solution File, Format Version 12.00
# Visual Studio Version 17
VisualStudioVersion = 17.9.34728.123
MinimumVisualStudioVersion = 10.0.40219.1
Project("{9A19103F-16F7-4668-BE54-9A1E7A4F7556}") = "AutoLock", "AutoLock\AutoLock.csproj", "{33EB0D8E-8D92-4D32-82FD-2F3704A070EF}"
EndProject
Global
	GlobalSection(SolutionConfigurationPlatforms) = preSolution
		Debug|Any CPU = Debug|Any CPU
		Release|Any CPU = Release|Any CPU
	EndGlobalSection
	GlobalSection(ProjectConfigurationPlatforms) = postSolution
		{33EB0D8E-8D92-4D32-82FD-2F3704A070EF}.Debug|Any CPU.ActiveCfg = Debug|Any CPU
		{33EB0D8E-8D92-4D32-82FD-2F3704A070EF}.Debug|Any CPU.Build.0 = Debug|Any CPU
		{33EB0D8E-8D92-4D32-82FD-2F3704A070EF}.Release|Any CPU.ActiveCfg = Release|Any CPU
		{33EB0D8E-8D92-4D32-82FD-2F3704A070EF}.Release|Any CPU.Build.0 = Release|Any CPU
	EndGlobalSection
	GlobalSection(SolutionProperties) = preSolution
		HideSolutionNode = FALSE
	EndGlobalSection
	GlobalSection(ExtensibilityGlobals) = postSolution
		SolutionGuid = {70DD5428-CE30-45C7-B4E5-1092711DCFBB}
	EndGlobalSection
EndGlobal
